{
  "version": 4,
  "terraform_version": "1.13.5",
  "serial": 4,
  "lineage": "eaabf736-5d23-29be-4315-ab5db1710da8",
  "outputs": {
    "environment_id": {
      "value": "9290683b-f743-469c-9c05-6a439e73ba4a",
      "type": "string"
    },
    "project_id": {
      "value": "8632d9e3-3e0f-4fe2-8271-b12306d776ba",
      "type": "string"
    },
    "service_ids": {
      "value": {
        "management_reporting": "d2e18a9b-b740-40f5-a1fe-5552b7463bf2"
      },
      "type": [
        "object",
        {
          "management_reporting": "string"
        }
      ]
    },
    "service_names": {
      "value": {
        "management_reporting": "management-reporting-9290683b"
      },
      "type": [
        "object",
        {
          "management_reporting": "string"
        }
      ]
    }
  },
  "resources": [
    {
      "module": "module.services",
      "mode": "managed",
      "type": "railway_service",
      "name": "app",
      "provider": "provider[\"registry.terraform.io/terraform-community-providers/railway\"]",
      "instances": [
        {
          "index_key": "management_reporting",
          "schema_version": 0,
          "attributes": {
            "config_path": null,
            "cron_schedule": null,
            "id": "d2e18a9b-b740-40f5-a1fe-5552b7463bf2",
            "name": "management-reporting-9290683b",
            "num_replicas": 1,
            "project_id": "8632d9e3-3e0f-4fe2-8271-b12306d776ba",
            "region": "us-west1",
            "root_directory": null,
            "source_image": null,
            "source_image_registry_password": null,
            "source_image_registry_username": null,
            "source_repo": null,
            "source_repo_branch": null,
            "volume": null
          },
          "sensitive_attributes": [
            [
              {
                "type": "get_attr",
                "value": "source_image_registry_password"
              }
            ]
          ],
          "identity_schema_version": 0
        }
      ]
    },
    {
      "module": "module.services",
      "mode": "managed",
      "type": "railway_variable",
      "name": "service_env",
      "provider": "provider[\"registry.terraform.io/terraform-community-providers/railway\"]",
      "instances": [
        {
          "index_key": "management_reporting_PORT",
          "schema_version": 0,
          "attributes": {
            "environment_id": "9290683b-f743-469c-9c05-6a439e73ba4a",
            "id": "d2e18a9b-b740-40f5-a1fe-5552b7463bf2:9290683b-f743-469c-9c05-6a439e73ba4a:PORT",
            "name": "PORT",
            "project_id": "8632d9e3-3e0f-4fe2-8271-b12306d776ba",
            "service_id": "d2e18a9b-b740-40f5-a1fe-5552b7463bf2",
            "value": "3200"
          },
          "sensitive_attributes": [
            [
              {
                "type": "get_attr",
                "value": "value"
              }
            ]
          ],
          "identity_schema_version": 0,
          "dependencies": [
            "module.services.railway_service.app"
          ]
        }
      ]
    }
  ],
  "check_results": null
}
